
Microsoft Visual Studio Solution File, Format Version 12.00
# Visual Studio Version 16
VisualStudioVersion = 16.0.32228.343
MinimumVisualStudioVersion = 10.0.40219.1
Project("{FAE04EC0-301F-11D3-BF4B-00C04F79EFBC}") = "API", "API\API.csproj", "{17511F3D-C14B-4B60-8147-62A38B63394D}"
EndProject
Global
	GlobalSection(SolutionConfigurationPlatforms) = preSolution
		Debug|Any CPU = Debug|Any CPU
		Release|Any CPU = Release|Any CPU
	EndGlobalSection
	GlobalSection(ProjectConfigurationPlatforms) = postSolution
		{17511F3D-C14B-4B60-8147-62A38B63394D}.Debug|Any CPU.ActiveCfg = Debug|Any CPU
		{17511F3D-C14B-4B60-8147-62A38B63394D}.Debug|Any CPU.Build.0 = Debug|Any CPU
		{17511F3D-C14B-4B60-8147-62A38B63394D}.Release|Any CPU.ActiveCfg = Release|Any CPU
		{17511F3D-C14B-4B60-8147-62A38B63394D}.Release|Any CPU.Build.0 = Release|Any CPU
	EndGlobalSection
	GlobalSection(SolutionProperties) = preSolution
		HideSolutionNode = FALSE
	EndGlobalSection
	GlobalSection(ExtensibilityGlobals) = postSolution
		SolutionGuid = {7503DA51-BDF3-4F0B-AC67-69618B165B61}
	EndGlobalSection
EndGlobal
